
Microsoft Visual Studio Solution File, Format Version 12.00
# Visual Studio Version 17
VisualStudioVersion = 17.3.32929.385
MinimumVisualStudioVersion = 10.0.40219.1
Project("{FAE04EC0-301F-11D3-BF4B-00C04F79EFBC}") = "_253505_zhgutov", "_253505_zhgutov\_253505_zhgutov.csproj", "{3325D06B-3CFB-4058-8A9E-63B7EED5DDE8}"
EndProject
Global
	GlobalSection(SolutionConfigurationPlatforms) = preSolution
		Debug|Any CPU = Debug|Any CPU
		Release|Any CPU = Release|Any CPU
	EndGlobalSection
	GlobalSection(ProjectConfigurationPlatforms) = postSolution
		{3325D06B-3CFB-4058-8A9E-63B7EED5DDE8}.Debug|Any CPU.ActiveCfg = Debug|Any CPU
		{3325D06B-3CFB-4058-8A9E-63B7EED5DDE8}.Debug|Any CPU.Build.0 = Debug|Any CPU
		{3325D06B-3CFB-4058-8A9E-63B7EED5DDE8}.Release|Any CPU.ActiveCfg = Release|Any CPU
		{3325D06B-3CFB-4058-8A9E-63B7EED5DDE8}.Release|Any CPU.Build.0 = Release|Any CPU
	EndGlobalSection
	GlobalSection(SolutionProperties) = preSolution
		HideSolutionNode = FALSE
	EndGlobalSection
	GlobalSection(ExtensibilityGlobals) = postSolution
		SolutionGuid = {8C1F58D8-3DBD-41AE-BDA9-D894665873FD}
	EndGlobalSection
EndGlobal
