
Microsoft Visual Studio Solution File, Format Version 12.00
Project("{FAE04EC0-301F-11D3-BF4B-00C04F79EFBC}") = "_253505_zhgutov", "_253505_zhgutov\_253505_zhgutov.csproj", "{F6D6771F-6063-4B83-95FD-01472B56BCC5}"
EndProject
Global
	GlobalSection(SolutionConfigurationPlatforms) = preSolution
		Debug|Any CPU = Debug|Any CPU
		Release|Any CPU = Release|Any CPU
	EndGlobalSection
	GlobalSection(ProjectConfigurationPlatforms) = postSolution
		{F6D6771F-6063-4B83-95FD-01472B56BCC5}.Debug|Any CPU.ActiveCfg = Debug|Any CPU
		{F6D6771F-6063-4B83-95FD-01472B56BCC5}.Debug|Any CPU.Build.0 = Debug|Any CPU
		{F6D6771F-6063-4B83-95FD-01472B56BCC5}.Release|Any CPU.ActiveCfg = Release|Any CPU
		{F6D6771F-6063-4B83-95FD-01472B56BCC5}.Release|Any CPU.Build.0 = Release|Any CPU
	EndGlobalSection
EndGlobal
