
Microsoft Visual Studio Solution File, Format Version 12.00
Project("{FAE04EC0-301F-11D3-BF4B-00C04F79EFBC}") = "_253505_zhgutov", "_253505_zhgutov\_253505_zhgutov.csproj", "{3325D06B-3CFB-4058-8A9E-63B7EED5DDE8}"
EndProject
Global
	GlobalSection(SolutionConfigurationPlatforms) = preSolution
		Debug|Any CPU = Debug|Any CPU
		Release|Any CPU = Release|Any CPU
	EndGlobalSection
	GlobalSection(ProjectConfigurationPlatforms) = postSolution
		{3325D06B-3CFB-4058-8A9E-63B7EED5DDE8}.Debug|Any CPU.ActiveCfg = Debug|Any CPU
		{3325D06B-3CFB-4058-8A9E-63B7EED5DDE8}.Debug|Any CPU.Build.0 = Debug|Any CPU
		{3325D06B-3CFB-4058-8A9E-63B7EED5DDE8}.Release|Any CPU.ActiveCfg = Release|Any CPU
		{3325D06B-3CFB-4058-8A9E-63B7EED5DDE8}.Release|Any CPU.Build.0 = Release|Any CPU
	EndGlobalSection
EndGlobal
