
Microsoft Visual Studio Solution File, Format Version 12.00
# Visual Studio Version 17
VisualStudioVersion = 17.3.32929.385
MinimumVisualStudioVersion = 10.0.40219.1
Project("{FAE04EC0-301F-11D3-BF4B-00C04F79EFBC}") = "Task1", "Task1\Task1.csproj", "{92809E61-F9E4-4501-8276-CE40B491D08B}"
EndProject
Global
	GlobalSection(SolutionConfigurationPlatforms) = preSolution
		Debug|Any CPU = Debug|Any CPU
		Release|Any CPU = Release|Any CPU
	EndGlobalSection
	GlobalSection(ProjectConfigurationPlatforms) = postSolution
		{92809E61-F9E4-4501-8276-CE40B491D08B}.Debug|Any CPU.ActiveCfg = Debug|Any CPU
		{92809E61-F9E4-4501-8276-CE40B491D08B}.Debug|Any CPU.Build.0 = Debug|Any CPU
		{92809E61-F9E4-4501-8276-CE40B491D08B}.Release|Any CPU.ActiveCfg = Release|Any CPU
		{92809E61-F9E4-4501-8276-CE40B491D08B}.Release|Any CPU.Build.0 = Release|Any CPU
	EndGlobalSection
	GlobalSection(SolutionProperties) = preSolution
		HideSolutionNode = FALSE
	EndGlobalSection
	GlobalSection(ExtensibilityGlobals) = postSolution
		SolutionGuid = {DB06F5E9-7258-4168-AF87-7A61B657586B}
	EndGlobalSection
EndGlobal
