
Microsoft Visual Studio Solution File, Format Version 12.00
# Visual Studio Version 17
VisualStudioVersion = 17.3.32929.385
MinimumVisualStudioVersion = 10.0.40219.1
Project("{FAE04EC0-301F-11D3-BF4B-00C04F79EFBC}") = "_253505_zhgutov", "_253505_zhgutov\_253505_zhgutov.csproj", "{EAF027DF-847B-4C2D-BC50-91FC54E34D77}"
EndProject
Global
	GlobalSection(SolutionConfigurationPlatforms) = preSolution
		Debug|Any CPU = Debug|Any CPU
		Release|Any CPU = Release|Any CPU
	EndGlobalSection
	GlobalSection(ProjectConfigurationPlatforms) = postSolution
		{EAF027DF-847B-4C2D-BC50-91FC54E34D77}.Debug|Any CPU.ActiveCfg = Debug|Any CPU
		{EAF027DF-847B-4C2D-BC50-91FC54E34D77}.Debug|Any CPU.Build.0 = Debug|Any CPU
		{EAF027DF-847B-4C2D-BC50-91FC54E34D77}.Release|Any CPU.ActiveCfg = Release|Any CPU
		{EAF027DF-847B-4C2D-BC50-91FC54E34D77}.Release|Any CPU.Build.0 = Release|Any CPU
	EndGlobalSection
	GlobalSection(SolutionProperties) = preSolution
		HideSolutionNode = FALSE
	EndGlobalSection
	GlobalSection(ExtensibilityGlobals) = postSolution
		SolutionGuid = {F59F117C-A243-4DF8-82B6-9240FBFCE2FE}
	EndGlobalSection
EndGlobal
